
Microsoft Visual Studio Solution File, Format Version 12.00
# Visual Studio 15
VisualStudioVersion = 15.0.26228.9
MinimumVisualStudioVersion = 10.0.40219.1
Project("{9A19103F-16F7-4668-BE54-9A1E7A4F7556}") = "Consul", "Consul\Consul.csproj", "{B763F0CA-2BED-49FE-A2FB-2659FDE6222B}"
EndProject
Project("{9A19103F-16F7-4668-BE54-9A1E7A4F7556}") = "Consul.Test", "Consul.Test\Consul.Test.csproj", "{59CA6048-E8D0-46BF-997B-FEB7083C42C2}"
EndProject
Global
	GlobalSection(SolutionConfigurationPlatforms) = preSolution
		Debug|Any CPU = Debug|Any CPU
		Release|Any CPU = Release|Any CPU
	EndGlobalSection
	GlobalSection(ProjectConfigurationPlatforms) = postSolution
		{B763F0CA-2BED-49FE-A2FB-2659FDE6222B}.Debug|Any CPU.ActiveCfg = Debug|Any CPU
		{B763F0CA-2BED-49FE-A2FB-2659FDE6222B}.Debug|Any CPU.Build.0 = Debug|Any CPU
		{B763F0CA-2BED-49FE-A2FB-2659FDE6222B}.Release|Any CPU.ActiveCfg = Release|Any CPU
		{B763F0CA-2BED-49FE-A2FB-2659FDE6222B}.Release|Any CPU.Build.0 = Release|Any CPU
		{59CA6048-E8D0-46BF-997B-FEB7083C42C2}.Debug|Any CPU.ActiveCfg = Debug|Any CPU
		{59CA6048-E8D0-46BF-997B-FEB7083C42C2}.Debug|Any CPU.Build.0 = Debug|Any CPU
		{59CA6048-E8D0-46BF-997B-FEB7083C42C2}.Release|Any CPU.ActiveCfg = Release|Any CPU
		{59CA6048-E8D0-46BF-997B-FEB7083C42C2}.Release|Any CPU.Build.0 = Release|Any CPU
	EndGlobalSection
	GlobalSection(SolutionProperties) = preSolution
		HideSolutionNode = FALSE
	EndGlobalSection
EndGlobal
