
Microsoft Visual Studio Solution File, Format Version 12.00
# Visual Studio 14
VisualStudioVersion = 14.0.25123.0
MinimumVisualStudioVersion = 10.0.40219.1
Project("{8BB2217D-0F2D-49D1-97BC-3654ED321F3B}") = "Consul", "Consul\Consul.xproj", "{19C97F3A-22A8-4B52-BC15-A9A3ADBE6FAF}"
EndProject
Project("{8BB2217D-0F2D-49D1-97BC-3654ED321F3B}") = "Consul.Test", "Consul.Test\Consul.Test.xproj", "{EEACC0CD-5243-44B3-98F4-9EDB31534024}"
EndProject
Global
	GlobalSection(SolutionConfigurationPlatforms) = preSolution
		Debug|Any CPU = Debug|Any CPU
		Release|Any CPU = Release|Any CPU
	EndGlobalSection
	GlobalSection(ProjectConfigurationPlatforms) = postSolution
		{19C97F3A-22A8-4B52-BC15-A9A3ADBE6FAF}.Debug|Any CPU.ActiveCfg = Debug|Any CPU
		{19C97F3A-22A8-4B52-BC15-A9A3ADBE6FAF}.Debug|Any CPU.Build.0 = Debug|Any CPU
		{19C97F3A-22A8-4B52-BC15-A9A3ADBE6FAF}.Release|Any CPU.ActiveCfg = Release|Any CPU
		{19C97F3A-22A8-4B52-BC15-A9A3ADBE6FAF}.Release|Any CPU.Build.0 = Release|Any CPU
		{EEACC0CD-5243-44B3-98F4-9EDB31534024}.Debug|Any CPU.ActiveCfg = Debug|Any CPU
		{EEACC0CD-5243-44B3-98F4-9EDB31534024}.Debug|Any CPU.Build.0 = Debug|Any CPU
		{EEACC0CD-5243-44B3-98F4-9EDB31534024}.Release|Any CPU.ActiveCfg = Release|Any CPU
		{EEACC0CD-5243-44B3-98F4-9EDB31534024}.Release|Any CPU.Build.0 = Release|Any CPU
	EndGlobalSection
	GlobalSection(SolutionProperties) = preSolution
		HideSolutionNode = FALSE
	EndGlobalSection
EndGlobal
